{
  "name": "dropify",
  "version": "0.0.1",
  "lockfileVersion": 2,
  "requires": true,
  "packages": {
    "": {
      "name": "dropify",
      "version": "0.0.1",
      "license": "ISC",
      "dependencies": {
        "dialog-node": "^0.2.1",
        "hound": "^1.0.5",
        "nodemailer": "^6.9.9"
      }
    },
    "node_modules/dialog-node": {
      "version": "0.2.1",
      "resolved": "https://registry.npmjs.org/dialog-node/-/dialog-node-0.2.1.tgz",
      "integrity": "sha512-4Uy3zICGvc8+NPUC4mubLumzT/BNF2oeo+7yrN0uo5sOL+64PQXcaekLviU0Q8o8ZujZ9oTYN3X1S6T2C4K2tQ==",
      "bin": {
        "dialog-node": "example.js"
      },
      "engines": {
        "node": "*"
      }
    },
    "node_modules/hound": {
      "version": "1.0.5",
      "resolved": "https://registry.npmjs.org/hound/-/hound-1.0.5.tgz",
      "integrity": "sha512-XlR+pqWj9BeiHQUS03HX9Pnb32+pgbrFxoSYhl+atrs25GHIrZU4gvKe426pJripJWZFCkvZv6aLTzZvas0Tug==",
      "engines": {
        "node": ">=0.7.1"
      }
    },
    "node_modules/nodemailer": {
      "version": "6.9.9",
      "resolved": "https://registry.npmjs.org/nodemailer/-/nodemailer-6.9.9.tgz",
      "integrity": "sha512-dexTll8zqQoVJEZPwQAKzxxtFn0qTnjdQTchoU6Re9BUUGBJiOy3YMn/0ShTW6J5M0dfQ1NeDeRTTl4oIWgQMA==",
      "engines": {
        "node": ">=6.0.0"
      }
    }
  },
  "dependencies": {
    "dialog-node": {
      "version": "0.2.1",
      "resolved": "https://registry.npmjs.org/dialog-node/-/dialog-node-0.2.1.tgz",
      "integrity": "sha512-4Uy3zICGvc8+NPUC4mubLumzT/BNF2oeo+7yrN0uo5sOL+64PQXcaekLviU0Q8o8ZujZ9oTYN3X1S6T2C4K2tQ=="
    },
    "hound": {
      "version": "1.0.5",
      "resolved": "https://registry.npmjs.org/hound/-/hound-1.0.5.tgz",
      "integrity": "sha512-XlR+pqWj9BeiHQUS03HX9Pnb32+pgbrFxoSYhl+atrs25GHIrZU4gvKe426pJripJWZFCkvZv6aLTzZvas0Tug=="
    },
    "nodemailer": {
      "version": "6.9.9",
      "resolved": "https://registry.npmjs.org/nodemailer/-/nodemailer-6.9.9.tgz",
      "integrity": "sha512-dexTll8zqQoVJEZPwQAKzxxtFn0qTnjdQTchoU6Re9BUUGBJiOy3YMn/0ShTW6J5M0dfQ1NeDeRTTl4oIWgQMA=="
    }
  }
}
